
Microsoft Visual Studio Solution File, Format Version 12.00
# Visual Studio 15
VisualStudioVersion = 15.0.28307.329
MinimumVisualStudioVersion = 10.0.40219.1
Project("{F184B08F-C81C-45F6-A57F-5ABD9991F28F}") = "Tomodachi-Life-Save-Editor", "Tomodachi-Life-Save-Editor\Tomodachi-Life-Save-Editor.vbproj", "{7031DEA9-4CEC-4C2C-8878-4F9E6F2890B0}"
EndProject
Global
	GlobalSection(SolutionConfigurationPlatforms) = preSolution
		Debug|Any CPU = Debug|Any CPU
		Release|Any CPU = Release|Any CPU
	EndGlobalSection
	GlobalSection(ProjectConfigurationPlatforms) = postSolution
		{7031DEA9-4CEC-4C2C-8878-4F9E6F2890B0}.Debug|Any CPU.ActiveCfg = Debug|Any CPU
		{7031DEA9-4CEC-4C2C-8878-4F9E6F2890B0}.Debug|Any CPU.Build.0 = Debug|Any CPU
		{7031DEA9-4CEC-4C2C-8878-4F9E6F2890B0}.Release|Any CPU.ActiveCfg = Release|Any CPU
		{7031DEA9-4CEC-4C2C-8878-4F9E6F2890B0}.Release|Any CPU.Build.0 = Release|Any CPU
	EndGlobalSection
	GlobalSection(SolutionProperties) = preSolution
		HideSolutionNode = FALSE
	EndGlobalSection
	GlobalSection(ExtensibilityGlobals) = postSolution
		SolutionGuid = {0007FD93-F1A8-4231-90C7-2A0601F3B036}
	EndGlobalSection
EndGlobal
